
Microsoft Visual Studio Solution File, Format Version 12.00
# Visual Studio Version 17
VisualStudioVersion = 17.9.34701.34
MinimumVisualStudioVersion = 10.0.40219.1
Project("{9A19103F-16F7-4668-BE54-9A1E7A4F7556}") = "WeatherApi", "WeatherApi\WeatherApi.csproj", "{C4E6047D-BE14-447E-BFE7-74D168EE9381}"
EndProject
Project("{9A19103F-16F7-4668-BE54-9A1E7A4F7556}") = "OpenWeathermap", "OpenWeathermap\OpenWeathermap.csproj", "{0DE0DA14-B594-49A5-A00D-761FD232FF12}"
EndProject
Project("{FAE04EC0-301F-11D3-BF4B-00C04F79EFBC}") = "OpenMeteo", "OpenMeteo\OpenMeteo.csproj", "{21F44E23-89B5-430A-AEBD-C964B33AC543}"
EndProject
Project("{FAE04EC0-301F-11D3-BF4B-00C04F79EFBC}") = "Shared.MeteoData", "Shared.IMeteo\Shared.MeteoData.csproj", "{9B4EB8E1-58E1-45C0-9AE4-83D05DD2A432}"
EndProject
Project("{FAE04EC0-301F-11D3-BF4B-00C04F79EFBC}") = "HistoricalWeather", "HistoricalWeather\HistoricalWeather.csproj", "{2197E02C-5CB8-43FB-B53F-338F45EA3B60}"
EndProject
Global
	GlobalSection(SolutionConfigurationPlatforms) = preSolution
		Debug|Any CPU = Debug|Any CPU
		Release|Any CPU = Release|Any CPU
	EndGlobalSection
	GlobalSection(ProjectConfigurationPlatforms) = postSolution
		{C4E6047D-BE14-447E-BFE7-74D168EE9381}.Debug|Any CPU.ActiveCfg = Debug|Any CPU
		{C4E6047D-BE14-447E-BFE7-74D168EE9381}.Debug|Any CPU.Build.0 = Debug|Any CPU
		{C4E6047D-BE14-447E-BFE7-74D168EE9381}.Release|Any CPU.ActiveCfg = Release|Any CPU
		{C4E6047D-BE14-447E-BFE7-74D168EE9381}.Release|Any CPU.Build.0 = Release|Any CPU
		{0DE0DA14-B594-49A5-A00D-761FD232FF12}.Debug|Any CPU.ActiveCfg = Debug|Any CPU
		{0DE0DA14-B594-49A5-A00D-761FD232FF12}.Debug|Any CPU.Build.0 = Debug|Any CPU
		{0DE0DA14-B594-49A5-A00D-761FD232FF12}.Release|Any CPU.ActiveCfg = Release|Any CPU
		{0DE0DA14-B594-49A5-A00D-761FD232FF12}.Release|Any CPU.Build.0 = Release|Any CPU
		{21F44E23-89B5-430A-AEBD-C964B33AC543}.Debug|Any CPU.ActiveCfg = Debug|Any CPU
		{21F44E23-89B5-430A-AEBD-C964B33AC543}.Debug|Any CPU.Build.0 = Debug|Any CPU
		{21F44E23-89B5-430A-AEBD-C964B33AC543}.Release|Any CPU.ActiveCfg = Release|Any CPU
		{21F44E23-89B5-430A-AEBD-C964B33AC543}.Release|Any CPU.Build.0 = Release|Any CPU
		{9B4EB8E1-58E1-45C0-9AE4-83D05DD2A432}.Debug|Any CPU.ActiveCfg = Debug|Any CPU
		{9B4EB8E1-58E1-45C0-9AE4-83D05DD2A432}.Debug|Any CPU.Build.0 = Debug|Any CPU
		{9B4EB8E1-58E1-45C0-9AE4-83D05DD2A432}.Release|Any CPU.ActiveCfg = Release|Any CPU
		{9B4EB8E1-58E1-45C0-9AE4-83D05DD2A432}.Release|Any CPU.Build.0 = Release|Any CPU
		{2197E02C-5CB8-43FB-B53F-338F45EA3B60}.Debug|Any CPU.ActiveCfg = Debug|Any CPU
		{2197E02C-5CB8-43FB-B53F-338F45EA3B60}.Debug|Any CPU.Build.0 = Debug|Any CPU
		{2197E02C-5CB8-43FB-B53F-338F45EA3B60}.Release|Any CPU.ActiveCfg = Release|Any CPU
		{2197E02C-5CB8-43FB-B53F-338F45EA3B60}.Release|Any CPU.Build.0 = Release|Any CPU
	EndGlobalSection
	GlobalSection(SolutionProperties) = preSolution
		HideSolutionNode = FALSE
	EndGlobalSection
	GlobalSection(ExtensibilityGlobals) = postSolution
		SolutionGuid = {4DF0BFB6-CD5C-4107-966E-58DB427D9FCC}
	EndGlobalSection
EndGlobal
